{
  "name": "@thingweb/ui-wot",
  "version": "0.1.0",
  "lockfileVersion": 3,
  "requires": true,
  "packages": {
    "": {
      "name": "@thingweb/ui-wot",
      "version": "0.1.0",
      "license": "EPL-2.0 OR W3C-20150513",
      "workspaces": [
        "packages/components",
        "packages/generator"
      ]
    },
    "node_modules/@thingweb/ui-wot-components": {
      "resolved": "packages/components",
      "link": true
    },
    "node_modules/@thingweb/ui-wot-generator": {
      "resolved": "packages/generator",
      "link": true
    },
    "packages/components": {
      "name": "@thingweb/ui-wot-components",
      "version": "0.1.0",
      "license": "EPL-2.0 OR W3C-20150513"
    },
    "packages/generator": {
      "name": "@thingweb/ui-wot-generator",
      "version": "0.1.0",
      "license": "EPL-2.0 OR W3C-20150513",
      "devDependencies": {}
    }
  }
}
